{
  "name": "acme-dashboard",
  "version": "1.4.0",
  "lockfileVersion": 3,
  "requires": true,
  "packages": {
    "": {
      "name": "acme-dashboard",
      "version": "1.4.0",
      "dependencies": {
        "@asyncapi/react-component": "2.6.7",
        "@crowdstrike/commitlint": "8.1.1",
        "@ctrl/deluge": "7.2.2",
        "@ensdomains/ensjs": "3.0.0",
        "@nx/devkit": "21.5.0",
        "@posthog/node": "3.1.0",
        "axios": "1.6.0",
        "express": "4.17.1",
        "lodash": "4.17.20",
        "react": "18.2.0"
      }
    },
    "node_modules/@asyncapi/react-component": {
      "version": "2.6.7",
      "resolved": "https://registry.npmjs.org/@asyncapi/react-component/-/react-component-2.6.7.tgz",
      "integrity": "sha512-AAAAAAAAAAAAAAAAAAAAAAAAAAAAAAAAAAAAAAAAAAAAAAAAAAAAAAAAAAAAAAAAAAAAAAAAAAAAAAAAAAAAAAAAAAAAAAAA=="
    },
    "node_modules/@crowdstrike/commitlint": {
      "version": "8.1.1",
      "resolved": "https://registry.npmjs.org/@crowdstrike/commitlint/-/commitlint-8.1.1.tgz",
      "integrity": "sha512-BBBBBBBBBBBBBBBBBBBBBBBBBBBBBBBBBBBBBBBBBBBBBBBBBBBBBBBBBBBBBBBBBBBBBBBBBBBBBBBBBBBBBBBBBBBBBBBB=="
    },
    "node_modules/@ctrl/deluge": {
      "version": "7.2.2",
      "resolved": "https://registry.npmjs.org/@ctrl/deluge/-/deluge-7.2.2.tgz",
      "integrity": "sha512-CCCCCCCCCCCCCCCCCCCCCCCCCCCCCCCCCCCCCCCCCCCCCCCCCCCCCCCCCCCCCCCCCCCCCCCCCCCCCCCCCCCCCCCCCCCCCCCC=="
    },
    "node_modules/@ensdomains/ensjs": {
      "version": "3.0.0",
      "resolved": "https://registry.npmjs.org/@ensdomains/ensjs/-/ensjs-3.0.0.tgz",
      "integrity": "sha512-DDDDDDDDDDDDDDDDDDDDDDDDDDDDDDDDDDDDDDDDDDDDDDDDDDDDDDDDDDDDDDDDDDDDDDDDDDDDDDDDDDDDDDDDDDDDDDDD=="
    },
    "node_modules/@nx/devkit": {
      "version": "21.5.0",
      "resolved": "https://registry.npmjs.org/@nx/devkit/-/devkit-21.5.0.tgz",
      "integrity": "sha512-EEEEEEEEEEEEEEEEEEEEEEEEEEEEEEEEEEEEEEEEEEEEEEEEEEEEEEEEEEEEEEEEEEEEEEEEEEEEEEEEEEEEEEEEEEEEEEEE=="
    },
    "node_modules/@posthog/node": {
      "version": "3.1.0",
      "resolved": "https://registry.npmjs.org/@posthog/node/-/node-3.1.0.tgz",
      "integrity": "sha512-FFFFFFFFFFFFFFFFFFFFFFFFFFFFFFFFFFFFFFFFFFFFFFFFFFFFFFFFFFFFFFFFFFFFFFFFFFFFFFFFFFFFFFFFFFFFFFFF=="
    },
    "node_modules/axios": {
      "version": "1.6.0",
      "resolved": "https://registry.npmjs.org/axios/-/axios-1.6.0.tgz",
      "integrity": "sha512-GGGGGGGGGGGGGGGGGGGGGGGGGGGGGGGGGGGGGGGGGGGGGGGGGGGGGGGGGGGGGGGGGGGGGGGGGGGGGGGGGGGGGGGGGGGGGGGG=="
    },
    "node_modules/express": {
      "version": "4.17.1",
      "resolved": "https://registry.npmjs.org/express/-/express-4.17.1.tgz",
      "integrity": "sha512-HHHHHHHHHHHHHHHHHHHHHHHHHHHHHHHHHHHHHHHHHHHHHHHHHHHHHHHHHHHHHHHHHHHHHHHHHHHHHHHHHHHHHHHHHHHHHHHH=="
    },
    "node_modules/lodash": {
      "version": "4.17.20",
      "resolved": "https://registry.npmjs.org/lodash/-/lodash-4.17.20.tgz",
      "integrity": "sha512-IIIIIIIIIIIIIIIIIIIIIIIIIIIIIIIIIIIIIIIIIIIIIIIIIIIIIIIIIIIIIIIIIIIIIIIIIIIIIIIIIIIIIIIIIIIIIIII=="
    },
    "node_modules/react": {
      "version": "18.2.0",
      "resolved": "https://registry.npmjs.org/react/-/react-18.2.0.tgz",
      "integrity": "sha512-JJJJJJJJJJJJJJJJJJJJJJJJJJJJJJJJJJJJJJJJJJJJJJJJJJJJJJJJJJJJJJJJJJJJJJJJJJJJJJJJJJJJJJJJJJJJJJJJ=="
    }
  }
}
