{
  "name": "acme-dashboard",
  "version": "1.4.0",
  "lockfileVersion": 3,
  "requires": true,
  "packages": {
    "": {
      "name": "acme-dashboard",
      "version": "1.4.0",
      "dependencies": {
        "@crowdstrike/commitlint": "8.1.1",
        "@ensdomains/ensjs": "3.0.0",
        "@posthog/node": "3.1.0",
        "react": "18.2.0"
      }
    },
    "node_modules/@crowdstrike/commitlint": {
      "version": "8.1.1",
      "resolved": "https://registry.npmjs.org/@crowdstrike/commitlint/-/commitlint-8.1.1.tgz",
      "integrity": "sha512-BBBBBBBBBBBBBBBBBBBBBBBBBBBBBBBBBBBBBBBBBBBBBBBBBBBBBBBBBBBBBBBBBBBBBBBBBBBBBBBBBBBBBBBBBBBBBBBB=="
    },
    "node_modules/@ensdomains/ensjs": {
      "version": "3.0.0",
      "resolved": "https://registry.npmjs.org/@ensdomains/ensjs/-/ensjs-3.0.0.tgz",
      "integrity": "sha512-DDDDDDDDDDDDDDDDDDDDDDDDDDDDDDDDDDDDDDDDDDDDDDDDDDDDDDDDDDDDDDDDDDDDDDDDDDDDDDDDDDDDDDDDDDDDDDDD=="
    },
    "node_modules/@posthog/node": {
      "version": "3.1.0",
      "resolved": "https://registry.npmjs.org/@posthog/node/-/node-3.1.0.tgz",
      "integrity": "sha512-FFFFFFFFFFFFFFFFFFFFFFFFFFFFFFFFFFFFFFFFFFFFFFFFFFFFFFFFFFFFFFFFFFFFFFFFFFFFFFFFFFFFFFFFFFFFFFFF=="
    },
    "node_modules/react": {
      "version": "18.2.0",
      "resolved": "https://registry.npmjs.org/react/-/react-18.2.0.tgz",
      "integrity": "sha512-JJJJJJJJJJJJJJJJJJJJJJJJJJJJJJJJJJJJJJJJJJJJJJJJJJJJJJJJJJJJJJJJJJJJJJJJJJJJJJJJJJJJJJJJJJJJJJJJ=="
    }
  }
}
