{
  "version": "3",
  "packages": {
    "specifiers": {
      "npm:lodash@^4.17.21": "npm:lodash@4.17.21",
      "npm:chalk@^5.3.0": "npm:chalk@5.3.0",
      "npm:@types/node@^20.0.0": "npm:@types/node@20.8.0"
    },
    "npm": {
      "lodash@4.17.21": {
        "integrity": "sha512-v2kDEe57lecTulaDIuNTPy3Ry4gLGJ6Z1O3vE1krgXZNrsQ+LFTGHVxVjcXPs17LhbZVGedAJv8XZ1tvj5FvSg==",
        "dependencies": {}
      },
      "chalk@5.3.0": {
        "integrity": "sha512-dLitG79d+GV1Nb/VYcCDFivJeK1hiukt9QjRNVOsUtTy1rR1YJsmpGGTZ3qJos+uw7WmWF4wUwBd9jxjocFC2w==",
        "dependencies": {}
      },
      "@types/node@20.8.0": {
        "integrity": "sha512-...",
        "dependencies": {}
      }
    }
  },
  "remote": {}
}